// !$*UTF8*$!
{
	archiveVersion = 1;
	classes = {
	};
	objectVersion = 56;
	objects = {

/* Begin PBXBuildFile section */
		CF3B20CB29908A780071F111 /* Enums.swift in Sources */ = {isa = PBXBuildFile; fileRef = CF3B20C829908A770071F111 /* Enums.swift */; };
		CF3B20CC29908A780071F111 /* Consts.swift in Sources */ = {isa = PBXBuildFile; fileRef = CF3B20C929908A770071F111 /* Consts.swift */; };
		CF3B20CD29908A780071F111 /* Utilities.swift in Sources */ = {isa = PBXBuildFile; fileRef = CF3B20CA29908A780071F111 /* Utilities.swift */; };
		CF3B20CF29908B2B0071F111 /* Images.xcassets in Resources */ = {isa = PBXBuildFile; fileRef = CF3B20CE29908B2B0071F111 /* Images.xcassets */; };
		CF3DA4EC2995085800F9C465 /* Localizable.strings in Resources */ = {isa = PBXBuildFile; fileRef = CF3DA4EE2995085800F9C465 /* Localizable.strings */; };
		CF3DA4F129969D6800F9C465 /* ViewController_categoryEditing.swift in Sources */ = {isa = PBXBuildFile; fileRef = CF3DA4F029969D6800F9C465 /* ViewController_categoryEditing.swift */; };
		CFFA39E5298AB42E00290195 /* AppDelegate.swift in Sources */ = {isa = PBXBuildFile; fileRef = CFFA39E4298AB42E00290195 /* AppDelegate.swift */; };
		CFFA39E7298AB42E00290195 /* ViewController.swift in Sources */ = {isa = PBXBuildFile; fileRef = CFFA39E6298AB42E00290195 /* ViewController.swift */; };
		CFFA39EA298AB42E00290195 /* PasswordManagerForMac.xcdatamodeld in Sources */ = {isa = PBXBuildFile; fileRef = CFFA39E8298AB42E00290195 /* PasswordManagerForMac.xcdatamodeld */; };
		CFFA39EC298AB43000290195 /* Assets.xcassets in Resources */ = {isa = PBXBuildFile; fileRef = CFFA39EB298AB43000290195 /* Assets.xcassets */; };
		CFFA39EF298AB43000290195 /* Main.storyboard in Resources */ = {isa = PBXBuildFile; fileRef = CFFA39ED298AB43000290195 /* Main.storyboard */; };
		CFFA3A1E298BA10B00290195 /* User+CoreDataClass.swift in Sources */ = {isa = PBXBuildFile; fileRef = CFFA3A16298BA10B00290195 /* User+CoreDataClass.swift */; };
		CFFA3A1F298BA10B00290195 /* User+CoreDataProperties.swift in Sources */ = {isa = PBXBuildFile; fileRef = CFFA3A17298BA10B00290195 /* User+CoreDataProperties.swift */; };
		CFFA3A20298BA10B00290195 /* Account+CoreDataClass.swift in Sources */ = {isa = PBXBuildFile; fileRef = CFFA3A18298BA10B00290195 /* Account+CoreDataClass.swift */; };
		CFFA3A21298BA10B00290195 /* Account+CoreDataProperties.swift in Sources */ = {isa = PBXBuildFile; fileRef = CFFA3A19298BA10B00290195 /* Account+CoreDataProperties.swift */; };
		CFFA3A22298BA10B00290195 /* Backup+CoreDataClass.swift in Sources */ = {isa = PBXBuildFile; fileRef = CFFA3A1A298BA10B00290195 /* Backup+CoreDataClass.swift */; };
		CFFA3A23298BA10B00290195 /* Backup+CoreDataProperties.swift in Sources */ = {isa = PBXBuildFile; fileRef = CFFA3A1B298BA10B00290195 /* Backup+CoreDataProperties.swift */; };
		CFFA3A24298BA10B00290195 /* CategorySetting+CoreDataClass.swift in Sources */ = {isa = PBXBuildFile; fileRef = CFFA3A1C298BA10B00290195 /* CategorySetting+CoreDataClass.swift */; };
		CFFA3A25298BA10B00290195 /* CategorySetting+CoreDataProperties.swift in Sources */ = {isa = PBXBuildFile; fileRef = CFFA3A1D298BA10B00290195 /* CategorySetting+CoreDataProperties.swift */; };
		CFFA3A27298BA18000290195 /* _CategorySetting.swift in Sources */ = {isa = PBXBuildFile; fileRef = CFFA3A26298BA18000290195 /* _CategorySetting.swift */; };
/* End PBXBuildFile section */

/* Begin PBXFileReference section */
		CF3B20C829908A770071F111 /* Enums.swift */ = {isa = PBXFileReference; fileEncoding = 4; lastKnownFileType = sourcecode.swift; path = Enums.swift; sourceTree = "<group>"; };
		CF3B20C929908A770071F111 /* Consts.swift */ = {isa = PBXFileReference; fileEncoding = 4; lastKnownFileType = sourcecode.swift; path = Consts.swift; sourceTree = "<group>"; };
		CF3B20CA29908A780071F111 /* Utilities.swift */ = {isa = PBXFileReference; fileEncoding = 4; lastKnownFileType = sourcecode.swift; path = Utilities.swift; sourceTree = "<group>"; };
		CF3B20CE29908B2B0071F111 /* Images.xcassets */ = {isa = PBXFileReference; lastKnownFileType = folder.assetcatalog; path = Images.xcassets; sourceTree = "<group>"; };
		CF3DA4ED2995085800F9C465 /* ja */ = {isa = PBXFileReference; lastKnownFileType = text.plist.strings; name = ja; path = ja.lproj/Localizable.strings; sourceTree = "<group>"; };
		CF3DA4EF2995085C00F9C465 /* en */ = {isa = PBXFileReference; lastKnownFileType = text.plist.strings; name = en; path = en.lproj/Localizable.strings; sourceTree = "<group>"; };
		CF3DA4F029969D6800F9C465 /* ViewController_categoryEditing.swift */ = {isa = PBXFileReference; lastKnownFileType = sourcecode.swift; path = ViewController_categoryEditing.swift; sourceTree = "<group>"; };
		CF85CFF2299B721E002E661A /* ja */ = {isa = PBXFileReference; lastKnownFileType = text.plist.strings; name = ja; path = ja.lproj/Main.strings; sourceTree = "<group>"; };
		CFFA39E1298AB42E00290195 /* PasswordManagerForMac.app */ = {isa = PBXFileReference; explicitFileType = wrapper.application; includeInIndex = 0; path = PasswordManagerForMac.app; sourceTree = BUILT_PRODUCTS_DIR; };
		CFFA39E4298AB42E00290195 /* AppDelegate.swift */ = {isa = PBXFileReference; lastKnownFileType = sourcecode.swift; path = AppDelegate.swift; sourceTree = "<group>"; };
		CFFA39E6298AB42E00290195 /* ViewController.swift */ = {isa = PBXFileReference; lastKnownFileType = sourcecode.swift; path = ViewController.swift; sourceTree = "<group>"; };
		CFFA39E9298AB42E00290195 /* PasswordManagerForMac.xcdatamodel */ = {isa = PBXFileReference; lastKnownFileType = wrapper.xcdatamodel; path = PasswordManagerForMac.xcdatamodel; sourceTree = "<group>"; };
		CFFA39EB298AB43000290195 /* Assets.xcassets */ = {isa = PBXFileReference; lastKnownFileType = folder.assetcatalog; path = Assets.xcassets; sourceTree = "<group>"; };
		CFFA39EE298AB43000290195 /* Base */ = {isa = PBXFileReference; lastKnownFileType = file.storyboard; name = Base; path = Base.lproj/Main.storyboard; sourceTree = "<group>"; };
		CFFA39F0298AB43000290195 /* PasswordManagerForMac.entitlements */ = {isa = PBXFileReference; lastKnownFileType = text.plist.entitlements; path = PasswordManagerForMac.entitlements; sourceTree = "<group>"; };
		CFFA3A16298BA10B00290195 /* User+CoreDataClass.swift */ = {isa = PBXFileReference; lastKnownFileType = sourcecode.swift; name = "User+CoreDataClass.swift"; path = "PasswordManagerForMac/User+CoreDataClass.swift"; sourceTree = "<group>"; };
		CFFA3A17298BA10B00290195 /* User+CoreDataProperties.swift */ = {isa = PBXFileReference; lastKnownFileType = sourcecode.swift; name = "User+CoreDataProperties.swift"; path = "PasswordManagerForMac/User+CoreDataProperties.swift"; sourceTree = "<group>"; };
		CFFA3A18298BA10B00290195 /* Account+CoreDataClass.swift */ = {isa = PBXFileReference; lastKnownFileType = sourcecode.swift; name = "Account+CoreDataClass.swift"; path = "PasswordManagerForMac/Account+CoreDataClass.swift"; sourceTree = "<group>"; };
		CFFA3A19298BA10B00290195 /* Account+CoreDataProperties.swift */ = {isa = PBXFileReference; lastKnownFileType = sourcecode.swift; name = "Account+CoreDataProperties.swift"; path = "PasswordManagerForMac/Account+CoreDataProperties.swift"; sourceTree = "<group>"; };
		CFFA3A1A298BA10B00290195 /* Backup+CoreDataClass.swift */ = {isa = PBXFileReference; lastKnownFileType = sourcecode.swift; name = "Backup+CoreDataClass.swift"; path = "PasswordManagerForMac/Backup+CoreDataClass.swift"; sourceTree = "<group>"; };
		CFFA3A1B298BA10B00290195 /* Backup+CoreDataProperties.swift */ = {isa = PBXFileReference; lastKnownFileType = sourcecode.swift; name = "Backup+CoreDataProperties.swift"; path = "PasswordManagerForMac/Backup+CoreDataProperties.swift"; sourceTree = "<group>"; };
		CFFA3A1C298BA10B00290195 /* CategorySetting+CoreDataClass.swift */ = {isa = PBXFileReference; lastKnownFileType = sourcecode.swift; name = "CategorySetting+CoreDataClass.swift"; path = "PasswordManagerForMac/CategorySetting+CoreDataClass.swift"; sourceTree = "<group>"; };
		CFFA3A1D298BA10B00290195 /* CategorySetting+CoreDataProperties.swift */ = {isa = PBXFileReference; lastKnownFileType = sourcecode.swift; name = "CategorySetting+CoreDataProperties.swift"; path = "PasswordManagerForMac/CategorySetting+CoreDataProperties.swift"; sourceTree = "<group>"; };
		CFFA3A26298BA18000290195 /* _CategorySetting.swift */ = {isa = PBXFileReference; lastKnownFileType = sourcecode.swift; path = _CategorySetting.swift; sourceTree = "<group>"; };
/* End PBXFileReference section */

/* Begin PBXFrameworksBuildPhase section */
		CFFA39DE298AB42E00290195 /* Frameworks */ = {
			isa = PBXFrameworksBuildPhase;
			buildActionMask = 2147483647;
			files = (
			);
			runOnlyForDeploymentPostprocessing = 0;
		};
/* End PBXFrameworksBuildPhase section */

/* Begin PBXGroup section */
		CFFA39D8298AB42E00290195 = {
			isa = PBXGroup;
			children = (
				CFFA3A16298BA10B00290195 /* User+CoreDataClass.swift */,
				CFFA3A17298BA10B00290195 /* User+CoreDataProperties.swift */,
				CFFA3A18298BA10B00290195 /* Account+CoreDataClass.swift */,
				CFFA3A19298BA10B00290195 /* Account+CoreDataProperties.swift */,
				CFFA3A1A298BA10B00290195 /* Backup+CoreDataClass.swift */,
				CFFA3A1B298BA10B00290195 /* Backup+CoreDataProperties.swift */,
				CFFA3A1C298BA10B00290195 /* CategorySetting+CoreDataClass.swift */,
				CFFA3A1D298BA10B00290195 /* CategorySetting+CoreDataProperties.swift */,
				CFFA39E3298AB42E00290195 /* PasswordManagerForMac */,
				CFFA39E2298AB42E00290195 /* Products */,
			);
			sourceTree = "<group>";
		};
		CFFA39E2298AB42E00290195 /* Products */ = {
			isa = PBXGroup;
			children = (
				CFFA39E1298AB42E00290195 /* PasswordManagerForMac.app */,
			);
			name = Products;
			sourceTree = "<group>";
		};
		CFFA39E3298AB42E00290195 /* PasswordManagerForMac */ = {
			isa = PBXGroup;
			children = (
				CFFA39EB298AB43000290195 /* Assets.xcassets */,
				CF3B20CE29908B2B0071F111 /* Images.xcassets */,
				CF3B20C929908A770071F111 /* Consts.swift */,
				CF3B20C829908A770071F111 /* Enums.swift */,
				CF3B20CA29908A780071F111 /* Utilities.swift */,
				CFFA39E4298AB42E00290195 /* AppDelegate.swift */,
				CFFA39E6298AB42E00290195 /* ViewController.swift */,
				CF3DA4F029969D6800F9C465 /* ViewController_categoryEditing.swift */,
				CFFA39ED298AB43000290195 /* Main.storyboard */,
				CFFA39F0298AB43000290195 /* PasswordManagerForMac.entitlements */,
				CFFA39E8298AB42E00290195 /* PasswordManagerForMac.xcdatamodeld */,
				CFFA3A26298BA18000290195 /* _CategorySetting.swift */,
				CF3DA4EE2995085800F9C465 /* Localizable.strings */,
			);
			path = PasswordManagerForMac;
			sourceTree = "<group>";
		};
/* End PBXGroup section */

/* Begin PBXNativeTarget section */
		CFFA39E0298AB42E00290195 /* PasswordManagerForMac */ = {
			isa = PBXNativeTarget;
			buildConfigurationList = CFFA39F3298AB43000290195 /* Build configuration list for PBXNativeTarget "PasswordManagerForMac" */;
			buildPhases = (
				CFFA39DD298AB42E00290195 /* Sources */,
				CFFA39DE298AB42E00290195 /* Frameworks */,
				CFFA39DF298AB42E00290195 /* Resources */,
			);
			buildRules = (
			);
			dependencies = (
			);
			name = PasswordManagerForMac;
			productName = PasswordManagerForMac;
			productReference = CFFA39E1298AB42E00290195 /* PasswordManagerForMac.app */;
			productType = "com.apple.product-type.application";
		};
/* End PBXNativeTarget section */

/* Begin PBXProject section */
		CFFA39D9298AB42E00290195 /* Project object */ = {
			isa = PBXProject;
			attributes = {
				BuildIndependentTargetsInParallel = 1;
				LastSwiftUpdateCheck = 1420;
				LastUpgradeCheck = 1420;
				TargetAttributes = {
					CFFA39E0298AB42E00290195 = {
						CreatedOnToolsVersion = 14.2;
					};
				};
			};
			buildConfigurationList = CFFA39DC298AB42E00290195 /* Build configuration list for PBXProject "PasswordManagerForMac" */;
			compatibilityVersion = "Xcode 14.0";
			developmentRegion = en;
			hasScannedForEncodings = 0;
			knownRegions = (
				en,
				Base,
				ja,
			);
			mainGroup = CFFA39D8298AB42E00290195;
			productRefGroup = CFFA39E2298AB42E00290195 /* Products */;
			projectDirPath = "";
			projectRoot = "";
			targets = (
				CFFA39E0298AB42E00290195 /* PasswordManagerForMac */,
			);
		};
/* End PBXProject section */

/* Begin PBXResourcesBuildPhase section */
		CFFA39DF298AB42E00290195 /* Resources */ = {
			isa = PBXResourcesBuildPhase;
			buildActionMask = 2147483647;
			files = (
				CF3B20CF29908B2B0071F111 /* Images.xcassets in Resources */,
				CF3DA4EC2995085800F9C465 /* Localizable.strings in Resources */,
				CFFA39EC298AB43000290195 /* Assets.xcassets in Resources */,
				CFFA39EF298AB43000290195 /* Main.storyboard in Resources */,
			);
			runOnlyForDeploymentPostprocessing = 0;
		};
/* End PBXResourcesBuildPhase section */

/* Begin PBXSourcesBuildPhase section */
		CFFA39DD298AB42E00290195 /* Sources */ = {
			isa = PBXSourcesBuildPhase;
			buildActionMask = 2147483647;
			files = (
				CFFA3A25298BA10B00290195 /* CategorySetting+CoreDataProperties.swift in Sources */,
				CFFA3A23298BA10B00290195 /* Backup+CoreDataProperties.swift in Sources */,
				CFFA3A21298BA10B00290195 /* Account+CoreDataProperties.swift in Sources */,
				CF3B20CD29908A780071F111 /* Utilities.swift in Sources */,
				CFFA39EA298AB42E00290195 /* PasswordManagerForMac.xcdatamodeld in Sources */,
				CFFA3A27298BA18000290195 /* _CategorySetting.swift in Sources */,
				CFFA3A20298BA10B00290195 /* Account+CoreDataClass.swift in Sources */,
				CFFA3A24298BA10B00290195 /* CategorySetting+CoreDataClass.swift in Sources */,
				CF3B20CB29908A780071F111 /* Enums.swift in Sources */,
				CFFA39E7298AB42E00290195 /* ViewController.swift in Sources */,
				CFFA3A1E298BA10B00290195 /* User+CoreDataClass.swift in Sources */,
				CFFA3A1F298BA10B00290195 /* User+CoreDataProperties.swift in Sources */,
				CF3B20CC29908A780071F111 /* Consts.swift in Sources */,
				CFFA39E5298AB42E00290195 /* AppDelegate.swift in Sources */,
				CFFA3A22298BA10B00290195 /* Backup+CoreDataClass.swift in Sources */,
				CF3DA4F129969D6800F9C465 /* ViewController_categoryEditing.swift in Sources */,
			);
			runOnlyForDeploymentPostprocessing = 0;
		};
/* End PBXSourcesBuildPhase section */

/* Begin PBXVariantGroup section */
		CF3DA4EE2995085800F9C465 /* Localizable.strings */ = {
			isa = PBXVariantGroup;
			children = (
				CF3DA4ED2995085800F9C465 /* ja */,
				CF3DA4EF2995085C00F9C465 /* en */,
			);
			name = Localizable.strings;
			sourceTree = "<group>";
		};
		CFFA39ED298AB43000290195 /* Main.storyboard */ = {
			isa = PBXVariantGroup;
			children = (
				CFFA39EE298AB43000290195 /* Base */,
				CF85CFF2299B721E002E661A /* ja */,
			);
			name = Main.storyboard;
			sourceTree = "<group>";
		};
/* End PBXVariantGroup section */

/* Begin XCBuildConfiguration section */
		CFFA39F1298AB43000290195 /* Debug */ = {
			isa = XCBuildConfiguration;
			buildSettings = {
				ALWAYS_SEARCH_USER_PATHS = NO;
				CLANG_ANALYZER_LOCALIZABILITY_NONLOCALIZED = YES;
				CLANG_ANALYZER_NONNULL = YES;
				CLANG_ANALYZER_NUMBER_OBJECT_CONVERSION = YES_AGGRESSIVE;
				CLANG_CXX_LANGUAGE_STANDARD = "gnu++20";
				CLANG_ENABLE_MODULES = YES;
				CLANG_ENABLE_OBJC_ARC = YES;
				CLANG_ENABLE_OBJC_WEAK = YES;
				CLANG_WARN_BLOCK_CAPTURE_AUTORELEASING = YES;
				CLANG_WARN_BOOL_CONVERSION = YES;
				CLANG_WARN_COMMA = YES;
				CLANG_WARN_CONSTANT_CONVERSION = YES;
				CLANG_WARN_DEPRECATED_OBJC_IMPLEMENTATIONS = YES;
				CLANG_WARN_DIRECT_OBJC_ISA_USAGE = YES_ERROR;
				CLANG_WARN_DOCUMENTATION_COMMENTS = YES;
				CLANG_WARN_EMPTY_BODY = YES;
				CLANG_WARN_ENUM_CONVERSION = YES;
				CLANG_WARN_INFINITE_RECURSION = YES;
				CLANG_WARN_INT_CONVERSION = YES;
				CLANG_WARN_NON_LITERAL_NULL_CONVERSION = YES;
				CLANG_WARN_OBJC_IMPLICIT_RETAIN_SELF = YES;
				CLANG_WARN_OBJC_LITERAL_CONVERSION = YES;
				CLANG_WARN_OBJC_ROOT_CLASS = YES_ERROR;
				CLANG_WARN_QUOTED_INCLUDE_IN_FRAMEWORK_HEADER = YES;
				CLANG_WARN_RANGE_LOOP_ANALYSIS = YES;
				CLANG_WARN_STRICT_PROTOTYPES = YES;
				CLANG_WARN_SUSPICIOUS_MOVE = YES;
				CLANG_WARN_UNGUARDED_AVAILABILITY = YES_AGGRESSIVE;
				CLANG_WARN_UNREACHABLE_CODE = YES;
				CLANG_WARN__DUPLICATE_METHOD_MATCH = YES;
				COPY_PHASE_STRIP = NO;
				DEBUG_INFORMATION_FORMAT = dwarf;
				ENABLE_STRICT_OBJC_MSGSEND = YES;
				ENABLE_TESTABILITY = YES;
				GCC_C_LANGUAGE_STANDARD = gnu11;
				GCC_DYNAMIC_NO_PIC = NO;
				GCC_NO_COMMON_BLOCKS = YES;
				GCC_OPTIMIZATION_LEVEL = 0;
				GCC_PREPROCESSOR_DEFINITIONS = (
					"DEBUG=1",
					"$(inherited)",
				);
				GCC_WARN_64_TO_32_BIT_CONVERSION = YES;
				GCC_WARN_ABOUT_RETURN_TYPE = YES_ERROR;
				GCC_WARN_UNDECLARED_SELECTOR = YES;
				GCC_WARN_UNINITIALIZED_AUTOS = YES_AGGRESSIVE;
				GCC_WARN_UNUSED_FUNCTION = YES;
				GCC_WARN_UNUSED_VARIABLE = YES;
				MACOSX_DEPLOYMENT_TARGET = 13.1;
				MTL_ENABLE_DEBUG_INFO = INCLUDE_SOURCE;
				MTL_FAST_MATH = YES;
				ONLY_ACTIVE_ARCH = YES;
				SDKROOT = macosx;
				SWIFT_ACTIVE_COMPILATION_CONDITIONS = DEBUG;
				SWIFT_OPTIMIZATION_LEVEL = "-Onone";
			};
			name = Debug;
		};
		CFFA39F2298AB43000290195 /* Release */ = {
			isa = XCBuildConfiguration;
			buildSettings = {
				ALWAYS_SEARCH_USER_PATHS = NO;
				CLANG_ANALYZER_LOCALIZABILITY_NONLOCALIZED = YES;
				CLANG_ANALYZER_NONNULL = YES;
				CLANG_ANALYZER_NUMBER_OBJECT_CONVERSION = YES_AGGRESSIVE;
				CLANG_CXX_LANGUAGE_STANDARD = "gnu++20";
				CLANG_ENABLE_MODULES = YES;
				CLANG_ENABLE_OBJC_ARC = YES;
				CLANG_ENABLE_OBJC_WEAK = YES;
				CLANG_WARN_BLOCK_CAPTURE_AUTORELEASING = YES;
				CLANG_WARN_BOOL_CONVERSION = YES;
				CLANG_WARN_COMMA = YES;
				CLANG_WARN_CONSTANT_CONVERSION = YES;
				CLANG_WARN_DEPRECATED_OBJC_IMPLEMENTATIONS = YES;
				CLANG_WARN_DIRECT_OBJC_ISA_USAGE = YES_ERROR;
				CLANG_WARN_DOCUMENTATION_COMMENTS = YES;
				CLANG_WARN_EMPTY_BODY = YES;
				CLANG_WARN_ENUM_CONVERSION = YES;
				CLANG_WARN_INFINITE_RECURSION = YES;
				CLANG_WARN_INT_CONVERSION = YES;
				CLANG_WARN_NON_LITERAL_NULL_CONVERSION = YES;
				CLANG_WARN_OBJC_IMPLICIT_RETAIN_SELF = YES;
				CLANG_WARN_OBJC_LITERAL_CONVERSION = YES;
				CLANG_WARN_OBJC_ROOT_CLASS = YES_ERROR;
				CLANG_WARN_QUOTED_INCLUDE_IN_FRAMEWORK_HEADER = YES;
				CLANG_WARN_RANGE_LOOP_ANALYSIS = YES;
				CLANG_WARN_STRICT_PROTOTYPES = YES;
				CLANG_WARN_SUSPICIOUS_MOVE = YES;
				CLANG_WARN_UNGUARDED_AVAILABILITY = YES_AGGRESSIVE;
				CLANG_WARN_UNREACHABLE_CODE = YES;
				CLANG_WARN__DUPLICATE_METHOD_MATCH = YES;
				COPY_PHASE_STRIP = NO;
				DEBUG_INFORMATION_FORMAT = "dwarf-with-dsym";
				ENABLE_NS_ASSERTIONS = NO;
				ENABLE_STRICT_OBJC_MSGSEND = YES;
				GCC_C_LANGUAGE_STANDARD = gnu11;
				GCC_NO_COMMON_BLOCKS = YES;
				GCC_WARN_64_TO_32_BIT_CONVERSION = YES;
				GCC_WARN_ABOUT_RETURN_TYPE = YES_ERROR;
				GCC_WARN_UNDECLARED_SELECTOR = YES;
				GCC_WARN_UNINITIALIZED_AUTOS = YES_AGGRESSIVE;
				GCC_WARN_UNUSED_FUNCTION = YES;
				GCC_WARN_UNUSED_VARIABLE = YES;
				MACOSX_DEPLOYMENT_TARGET = 13.1;
				MTL_ENABLE_DEBUG_INFO = NO;
				MTL_FAST_MATH = YES;
				SDKROOT = macosx;
				SWIFT_COMPILATION_MODE = wholemodule;
				SWIFT_OPTIMIZATION_LEVEL = "-O";
			};
			name = Release;
		};
		CFFA39F4298AB43000290195 /* Debug */ = {
			isa = XCBuildConfiguration;
			buildSettings = {
				ASSETCATALOG_COMPILER_APPICON_NAME = AppIcon;
				ASSETCATALOG_COMPILER_GLOBAL_ACCENT_COLOR_NAME = AccentColor;
				CODE_SIGN_ENTITLEMENTS = PasswordManagerForMac/PasswordManagerForMac.entitlements;
				CODE_SIGN_STYLE = Automatic;
				COMBINE_HIDPI_IMAGES = YES;
				CURRENT_PROJECT_VERSION = 1;
				DEVELOPMENT_TEAM = 7H3WV46MCH;
				ENABLE_HARDENED_RUNTIME = YES;
				GENERATE_INFOPLIST_FILE = YES;
				INFOPLIST_KEY_NSHumanReadableCopyright = "";
				INFOPLIST_KEY_NSMainStoryboardFile = Main;
				INFOPLIST_KEY_NSPrincipalClass = NSApplication;
				LD_RUNPATH_SEARCH_PATHS = (
					"$(inherited)",
					"@executable_path/../Frameworks",
				);
				MARKETING_VERSION = 1.0;
				PRODUCT_BUNDLE_IDENTIFIER = com.kurachi.PasswordManagerForMac;
				PRODUCT_NAME = "$(TARGET_NAME)";
				SWIFT_EMIT_LOC_STRINGS = YES;
				SWIFT_VERSION = 5.0;
			};
			name = Debug;
		};
		CFFA39F5298AB43000290195 /* Release */ = {
			isa = XCBuildConfiguration;
			buildSettings = {
				ASSETCATALOG_COMPILER_APPICON_NAME = AppIcon;
				ASSETCATALOG_COMPILER_GLOBAL_ACCENT_COLOR_NAME = AccentColor;
				CODE_SIGN_ENTITLEMENTS = PasswordManagerForMac/PasswordManagerForMac.entitlements;
				CODE_SIGN_STYLE = Automatic;
				COMBINE_HIDPI_IMAGES = YES;
				CURRENT_PROJECT_VERSION = 1;
				DEVELOPMENT_TEAM = 7H3WV46MCH;
				ENABLE_HARDENED_RUNTIME = YES;
				GENERATE_INFOPLIST_FILE = YES;
				INFOPLIST_KEY_NSHumanReadableCopyright = "";
				INFOPLIST_KEY_NSMainStoryboardFile = Main;
				INFOPLIST_KEY_NSPrincipalClass = NSApplication;
				LD_RUNPATH_SEARCH_PATHS = (
					"$(inherited)",
					"@executable_path/../Frameworks",
				);
				MARKETING_VERSION = 1.0;
				PRODUCT_BUNDLE_IDENTIFIER = com.kurachi.PasswordManagerForMac;
				PRODUCT_NAME = "$(TARGET_NAME)";
				SWIFT_EMIT_LOC_STRINGS = YES;
				SWIFT_VERSION = 5.0;
			};
			name = Release;
		};
/* End XCBuildConfiguration section */

/* Begin XCConfigurationList section */
		CFFA39DC298AB42E00290195 /* Build configuration list for PBXProject "PasswordManagerForMac" */ = {
			isa = XCConfigurationList;
			buildConfigurations = (
				CFFA39F1298AB43000290195 /* Debug */,
				CFFA39F2298AB43000290195 /* Release */,
			);
			defaultConfigurationIsVisible = 0;
			defaultConfigurationName = Release;
		};
		CFFA39F3298AB43000290195 /* Build configuration list for PBXNativeTarget "PasswordManagerForMac" */ = {
			isa = XCConfigurationList;
			buildConfigurations = (
				CFFA39F4298AB43000290195 /* Debug */,
				CFFA39F5298AB43000290195 /* Release */,
			);
			defaultConfigurationIsVisible = 0;
			defaultConfigurationName = Release;
		};
/* End XCConfigurationList section */

/* Begin XCVersionGroup section */
		CFFA39E8298AB42E00290195 /* PasswordManagerForMac.xcdatamodeld */ = {
			isa = XCVersionGroup;
			children = (
				CFFA39E9298AB42E00290195 /* PasswordManagerForMac.xcdatamodel */,
			);
			currentVersion = CFFA39E9298AB42E00290195 /* PasswordManagerForMac.xcdatamodel */;
			path = PasswordManagerForMac.xcdatamodeld;
			sourceTree = "<group>";
			versionGroupType = wrapper.xcdatamodel;
		};
/* End XCVersionGroup section */
	};
	rootObject = CFFA39D9298AB42E00290195 /* Project object */;
}
